
Microsoft Visual Studio Solution File, Format Version 12.00
# Visual Studio Version 17
VisualStudioVersion = 17.7.34031.279
MinimumVisualStudioVersion = 10.0.40219.1
Project("{8BC9CEB8-8B4A-11D0-8D11-00A0C91BC942}") = "game2048", "game2048.vcxproj", "{07ED49AB-9A54-4F25-834B-BA13AFC84A72}"
EndProject
Global
	GlobalSection(SolutionConfigurationPlatforms) = preSolution
		Debug|x64 = Debug|x64
		Debug|x86 = Debug|x86
		Release|x64 = Release|x64
		Release|x86 = Release|x86
	EndGlobalSection
	GlobalSection(ProjectConfigurationPlatforms) = postSolution
		{07ED49AB-9A54-4F25-834B-BA13AFC84A72}.Debug|x64.ActiveCfg = Debug|x64
		{07ED49AB-9A54-4F25-834B-BA13AFC84A72}.Debug|x64.Build.0 = Debug|x64
		{07ED49AB-9A54-4F25-834B-BA13AFC84A72}.Debug|x86.ActiveCfg = Debug|Win32
		{07ED49AB-9A54-4F25-834B-BA13AFC84A72}.Debug|x86.Build.0 = Debug|Win32
		{07ED49AB-9A54-4F25-834B-BA13AFC84A72}.Release|x64.ActiveCfg = Release|x64
		{07ED49AB-9A54-4F25-834B-BA13AFC84A72}.Release|x64.Build.0 = Release|x64
		{07ED49AB-9A54-4F25-834B-BA13AFC84A72}.Release|x86.ActiveCfg = Release|Win32
		{07ED49AB-9A54-4F25-834B-BA13AFC84A72}.Release|x86.Build.0 = Release|Win32
	EndGlobalSection
	GlobalSection(SolutionProperties) = preSolution
		HideSolutionNode = FALSE
	EndGlobalSection
	GlobalSection(ExtensibilityGlobals) = postSolution
		SolutionGuid = {4E9A0E3C-AE64-4629-8E35-18BE457608B4}
	EndGlobalSection
EndGlobal
