
Microsoft Visual Studio Solution File, Format Version 12.00
# Visual Studio Version 17
VisualStudioVersion = 17.7.34031.279
MinimumVisualStudioVersion = 10.0.40219.1
Project("{8BC9CEB8-8B4A-11D0-8D11-00A0C91BC942}") = "lab1-1", "lab1-1.vcxproj", "{550906FE-E06A-4F54-BA7C-C04D5ED624B0}"
EndProject
Global
	GlobalSection(SolutionConfigurationPlatforms) = preSolution
		Debug|x64 = Debug|x64
		Debug|x86 = Debug|x86
		Release|x64 = Release|x64
		Release|x86 = Release|x86
	EndGlobalSection
	GlobalSection(ProjectConfigurationPlatforms) = postSolution
		{550906FE-E06A-4F54-BA7C-C04D5ED624B0}.Debug|x64.ActiveCfg = Debug|x64
		{550906FE-E06A-4F54-BA7C-C04D5ED624B0}.Debug|x64.Build.0 = Debug|x64
		{550906FE-E06A-4F54-BA7C-C04D5ED624B0}.Debug|x86.ActiveCfg = Debug|Win32
		{550906FE-E06A-4F54-BA7C-C04D5ED624B0}.Debug|x86.Build.0 = Debug|Win32
		{550906FE-E06A-4F54-BA7C-C04D5ED624B0}.Release|x64.ActiveCfg = Release|x64
		{550906FE-E06A-4F54-BA7C-C04D5ED624B0}.Release|x64.Build.0 = Release|x64
		{550906FE-E06A-4F54-BA7C-C04D5ED624B0}.Release|x86.ActiveCfg = Release|Win32
		{550906FE-E06A-4F54-BA7C-C04D5ED624B0}.Release|x86.Build.0 = Release|Win32
	EndGlobalSection
	GlobalSection(SolutionProperties) = preSolution
		HideSolutionNode = FALSE
	EndGlobalSection
	GlobalSection(ExtensibilityGlobals) = postSolution
		SolutionGuid = {F820D3DF-6677-4E55-AAE4-5E5AEED85383}
	EndGlobalSection
EndGlobal
